
Microsoft Visual Studio Solution File, Format Version 12.00
# Visual Studio 2012
Project("{FAE04EC0-301F-11D3-BF4B-00C04F79EFBC}") = "BolicheToni", "BolicheToni\BolicheToni.csproj", "{63490473-7132-4762-B99B-D2CC12969DCC}"
EndProject
Project("{FAE04EC0-301F-11D3-BF4B-00C04F79EFBC}") = "Entidades", "Entidades\Entidades.csproj", "{A5050076-472E-4569-BE2B-F36A1B921AE2}"
EndProject
Global
	GlobalSection(SolutionConfigurationPlatforms) = preSolution
		Debug|Any CPU = Debug|Any CPU
		Release|Any CPU = Release|Any CPU
	EndGlobalSection
	GlobalSection(ProjectConfigurationPlatforms) = postSolution
		{63490473-7132-4762-B99B-D2CC12969DCC}.Debug|Any CPU.ActiveCfg = Debug|Any CPU
		{63490473-7132-4762-B99B-D2CC12969DCC}.Debug|Any CPU.Build.0 = Debug|Any CPU
		{63490473-7132-4762-B99B-D2CC12969DCC}.Release|Any CPU.ActiveCfg = Release|Any CPU
		{63490473-7132-4762-B99B-D2CC12969DCC}.Release|Any CPU.Build.0 = Release|Any CPU
		{A5050076-472E-4569-BE2B-F36A1B921AE2}.Debug|Any CPU.ActiveCfg = Debug|Any CPU
		{A5050076-472E-4569-BE2B-F36A1B921AE2}.Debug|Any CPU.Build.0 = Debug|Any CPU
		{A5050076-472E-4569-BE2B-F36A1B921AE2}.Release|Any CPU.ActiveCfg = Release|Any CPU
		{A5050076-472E-4569-BE2B-F36A1B921AE2}.Release|Any CPU.Build.0 = Release|Any CPU
	EndGlobalSection
	GlobalSection(SolutionProperties) = preSolution
		HideSolutionNode = FALSE
	EndGlobalSection
EndGlobal
